
Microsoft Visual Studio Solution File, Format Version 12.00
# Visual Studio 15
VisualStudioVersion = 15.0.28010.2041
MinimumVisualStudioVersion = 10.0.40219.1
Project("{FAE04EC0-301F-11D3-BF4B-00C04F79EFBC}") = "EF", "EF\EF.csproj", "{0E53E5B2-D266-4BD1-84C7-C52A188DCB79}"
EndProject
Global
	GlobalSection(SolutionConfigurationPlatforms) = preSolution
		Debug|Any CPU = Debug|Any CPU
		Release|Any CPU = Release|Any CPU
	EndGlobalSection
	GlobalSection(ProjectConfigurationPlatforms) = postSolution
		{0E53E5B2-D266-4BD1-84C7-C52A188DCB79}.Debug|Any CPU.ActiveCfg = Debug|Any CPU
		{0E53E5B2-D266-4BD1-84C7-C52A188DCB79}.Debug|Any CPU.Build.0 = Debug|Any CPU
		{0E53E5B2-D266-4BD1-84C7-C52A188DCB79}.Release|Any CPU.ActiveCfg = Release|Any CPU
		{0E53E5B2-D266-4BD1-84C7-C52A188DCB79}.Release|Any CPU.Build.0 = Release|Any CPU
	EndGlobalSection
	GlobalSection(SolutionProperties) = preSolution
		HideSolutionNode = FALSE
	EndGlobalSection
	GlobalSection(ExtensibilityGlobals) = postSolution
		SolutionGuid = {726EAC49-9180-4EAA-8F52-B8AC5EAB4220}
	EndGlobalSection
EndGlobal
